
Microsoft Visual Studio Solution File, Format Version 9.00
# Visual Studio 2005
Project("{FAE04EC0-301F-11D3-BF4B-00C04F79EFBC}") = "Prument", "Prument\Prument.csproj", "{840D189E-FAEE-4318-9808-066D6538D1CA}"
EndProject
Project("{54435603-DBB4-11D2-8724-00A0C9A8B90C}") = "Prument Installation", "Prument Installation\Prument Installation.vdproj", "{426737EF-C61E-4142-8956-98954C9B198E}"
EndProject
Global
	GlobalSection(SolutionConfigurationPlatforms) = preSolution
		Debug|Any CPU = Debug|Any CPU
		Release|Any CPU = Release|Any CPU
	EndGlobalSection
	GlobalSection(ProjectConfigurationPlatforms) = postSolution
		{840D189E-FAEE-4318-9808-066D6538D1CA}.Debug|Any CPU.ActiveCfg = Debug|Any CPU
		{840D189E-FAEE-4318-9808-066D6538D1CA}.Debug|Any CPU.Build.0 = Debug|Any CPU
		{840D189E-FAEE-4318-9808-066D6538D1CA}.Release|Any CPU.ActiveCfg = Release|Any CPU
		{840D189E-FAEE-4318-9808-066D6538D1CA}.Release|Any CPU.Build.0 = Release|Any CPU
		{426737EF-C61E-4142-8956-98954C9B198E}.Debug|Any CPU.ActiveCfg = Debug
		{426737EF-C61E-4142-8956-98954C9B198E}.Release|Any CPU.ActiveCfg = Release
	EndGlobalSection
	GlobalSection(SolutionProperties) = preSolution
		HideSolutionNode = FALSE
	EndGlobalSection
EndGlobal
